
Microsoft Visual Studio Solution File, Format Version 12.00
# Visual Studio Version 17
VisualStudioVersion = 17.11.35312.102
MinimumVisualStudioVersion = 10.0.40219.1
Project("{FAE04EC0-301F-11D3-BF4B-00C04F79EFBC}") = "Homework_07_11-3_task", "Homework_07_11-3_task\Homework_07_11-3_task.csproj", "{81375A65-F574-4EF7-95D0-71FB52E7B6DA}"
EndProject
Global
	GlobalSection(SolutionConfigurationPlatforms) = preSolution
		Debug|Any CPU = Debug|Any CPU
		Release|Any CPU = Release|Any CPU
	EndGlobalSection
	GlobalSection(ProjectConfigurationPlatforms) = postSolution
		{81375A65-F574-4EF7-95D0-71FB52E7B6DA}.Debug|Any CPU.ActiveCfg = Debug|Any CPU
		{81375A65-F574-4EF7-95D0-71FB52E7B6DA}.Debug|Any CPU.Build.0 = Debug|Any CPU
		{81375A65-F574-4EF7-95D0-71FB52E7B6DA}.Release|Any CPU.ActiveCfg = Release|Any CPU
		{81375A65-F574-4EF7-95D0-71FB52E7B6DA}.Release|Any CPU.Build.0 = Release|Any CPU
	EndGlobalSection
	GlobalSection(SolutionProperties) = preSolution
		HideSolutionNode = FALSE
	EndGlobalSection
	GlobalSection(ExtensibilityGlobals) = postSolution
		SolutionGuid = {3090DC0E-0E23-4725-990C-06C84A7D1C44}
	EndGlobalSection
EndGlobal
